
Microsoft Visual Studio Solution File, Format Version 12.00
# Visual Studio Version 17
VisualStudioVersion = 17.7.34221.43
MinimumVisualStudioVersion = 10.0.40219.1
Project("{FAE04EC0-301F-11D3-BF4B-00C04F79EFBC}") = "WindowsFormsApp28", "WindowsFormsApp28\WindowsFormsApp28.csproj", "{F1537EF3-02D7-4A57-8D3B-1080A29B99B9}"
EndProject
Global
	GlobalSection(SolutionConfigurationPlatforms) = preSolution
		Debug|Any CPU = Debug|Any CPU
		Release|Any CPU = Release|Any CPU
	EndGlobalSection
	GlobalSection(ProjectConfigurationPlatforms) = postSolution
		{F1537EF3-02D7-4A57-8D3B-1080A29B99B9}.Debug|Any CPU.ActiveCfg = Debug|Any CPU
		{F1537EF3-02D7-4A57-8D3B-1080A29B99B9}.Debug|Any CPU.Build.0 = Debug|Any CPU
		{F1537EF3-02D7-4A57-8D3B-1080A29B99B9}.Release|Any CPU.ActiveCfg = Release|Any CPU
		{F1537EF3-02D7-4A57-8D3B-1080A29B99B9}.Release|Any CPU.Build.0 = Release|Any CPU
	EndGlobalSection
	GlobalSection(SolutionProperties) = preSolution
		HideSolutionNode = FALSE
	EndGlobalSection
	GlobalSection(ExtensibilityGlobals) = postSolution
		SolutionGuid = {D587B2AB-74FB-43BC-8D08-831985B11F48}
	EndGlobalSection
EndGlobal
